// !$*UTF8*$!
{
	archiveVersion = 1;
	classes = {
	};
	objectVersion = 50;
	objects = {

/* Begin PBXBuildFile section */
		ED784CD32253C43D001B77E6 /* AppDelegate.swift in Sources */ = {isa = PBXBuildFile; fileRef = ED784CD22253C43D001B77E6 /* AppDelegate.swift */; };
		ED784CD52253C43D001B77E6 /* ViewController.swift in Sources */ = {isa = PBXBuildFile; fileRef = ED784CD42253C43D001B77E6 /* ViewController.swift */; };
		ED784CD82253C43D001B77E6 /* Main.storyboard in Resources */ = {isa = PBXBuildFile; fileRef = ED784CD62253C43D001B77E6 /* Main.storyboard */; };
		ED784CDA2253C43E001B77E6 /* Assets.xcassets in Resources */ = {isa = PBXBuildFile; fileRef = ED784CD92253C43E001B77E6 /* Assets.xcassets */; };
		ED784CDD2253C43E001B77E6 /* LaunchScreen.storyboard in Resources */ = {isa = PBXBuildFile; fileRef = ED784CDB2253C43E001B77E6 /* LaunchScreen.storyboard */; };
		ED784CE82253C43E001B77E6 /* GITTests.swift in Sources */ = {isa = PBXBuildFile; fileRef = ED784CE72253C43E001B77E6 /* GITTests.swift */; };
		ED784CF32253C43E001B77E6 /* GITUITests.swift in Sources */ = {isa = PBXBuildFile; fileRef = ED784CF22253C43E001B77E6 /* GITUITests.swift */; };
/* End PBXBuildFile section */

/* Begin PBXContainerItemProxy section */
		ED784CE42253C43E001B77E6 /* PBXContainerItemProxy */ = {
			isa = PBXContainerItemProxy;
			containerPortal = ED784CC72253C43D001B77E6 /* Project object */;
			proxyType = 1;
			remoteGlobalIDString = ED784CCE2253C43D001B77E6;
			remoteInfo = GIT;
		};
		ED784CEF2253C43E001B77E6 /* PBXContainerItemProxy */ = {
			isa = PBXContainerItemProxy;
			containerPortal = ED784CC72253C43D001B77E6 /* Project object */;
			proxyType = 1;
			remoteGlobalIDString = ED784CCE2253C43D001B77E6;
			remoteInfo = GIT;
		};
/* End PBXContainerItemProxy section */

/* Begin PBXFileReference section */
		ED784CCF2253C43D001B77E6 /* GIT.app */ = {isa = PBXFileReference; explicitFileType = wrapper.application; includeInIndex = 0; path = GIT.app; sourceTree = BUILT_PRODUCTS_DIR; };
		ED784CD22253C43D001B77E6 /* AppDelegate.swift */ = {isa = PBXFileReference; lastKnownFileType = sourcecode.swift; path = AppDelegate.swift; sourceTree = "<group>"; };
		ED784CD42253C43D001B77E6 /* ViewController.swift */ = {isa = PBXFileReference; lastKnownFileType = sourcecode.swift; path = ViewController.swift; sourceTree = "<group>"; };
		ED784CD72253C43D001B77E6 /* Base */ = {isa = PBXFileReference; lastKnownFileType = file.storyboard; name = Base; path = Base.lproj/Main.storyboard; sourceTree = "<group>"; };
		ED784CD92253C43E001B77E6 /* Assets.xcassets */ = {isa = PBXFileReference; lastKnownFileType = folder.assetcatalog; path = Assets.xcassets; sourceTree = "<group>"; };
		ED784CDC2253C43E001B77E6 /* Base */ = {isa = PBXFileReference; lastKnownFileType = file.storyboard; name = Base; path = Base.lproj/LaunchScreen.storyboard; sourceTree = "<group>"; };
		ED784CDE2253C43E001B77E6 /* Info.plist */ = {isa = PBXFileReference; lastKnownFileType = text.plist.xml; path = Info.plist; sourceTree = "<group>"; };
		ED784CE32253C43E001B77E6 /* GITTests.xctest */ = {isa = PBXFileReference; explicitFileType = wrapper.cfbundle; includeInIndex = 0; path = GITTests.xctest; sourceTree = BUILT_PRODUCTS_DIR; };
		ED784CE72253C43E001B77E6 /* GITTests.swift */ = {isa = PBXFileReference; lastKnownFileType = sourcecode.swift; path = GITTests.swift; sourceTree = "<group>"; };
		ED784CE92253C43E001B77E6 /* Info.plist */ = {isa = PBXFileReference; lastKnownFileType = text.plist.xml; path = Info.plist; sourceTree = "<group>"; };
		ED784CEE2253C43E001B77E6 /* GITUITests.xctest */ = {isa = PBXFileReference; explicitFileType = wrapper.cfbundle; includeInIndex = 0; path = GITUITests.xctest; sourceTree = BUILT_PRODUCTS_DIR; };
		ED784CF22253C43E001B77E6 /* GITUITests.swift */ = {isa = PBXFileReference; lastKnownFileType = sourcecode.swift; path = GITUITests.swift; sourceTree = "<group>"; };
		ED784CF42253C43E001B77E6 /* Info.plist */ = {isa = PBXFileReference; lastKnownFileType = text.plist.xml; path = Info.plist; sourceTree = "<group>"; };
/* End PBXFileReference section */

/* Begin PBXFrameworksBuildPhase section */
		ED784CCC2253C43D001B77E6 /* Frameworks */ = {
			isa = PBXFrameworksBuildPhase;
			buildActionMask = 2147483647;
			files = (
			);
			runOnlyForDeploymentPostprocessing = 0;
		};
		ED784CE02253C43E001B77E6 /* Frameworks */ = {
			isa = PBXFrameworksBuildPhase;
			buildActionMask = 2147483647;
			files = (
			);
			runOnlyForDeploymentPostprocessing = 0;
		};
		ED784CEB2253C43E001B77E6 /* Frameworks */ = {
			isa = PBXFrameworksBuildPhase;
			buildActionMask = 2147483647;
			files = (
			);
			runOnlyForDeploymentPostprocessing = 0;
		};
/* End PBXFrameworksBuildPhase section */

/* Begin PBXGroup section */
		ED784CC62253C43D001B77E6 = {
			isa = PBXGroup;
			children = (
				ED784CD12253C43D001B77E6 /* GIT */,
				ED784CE62253C43E001B77E6 /* GITTests */,
				ED784CF12253C43E001B77E6 /* GITUITests */,
				ED784CD02253C43D001B77E6 /* Products */,
			);
			sourceTree = "<group>";
		};
		ED784CD02253C43D001B77E6 /* Products */ = {
			isa = PBXGroup;
			children = (
				ED784CCF2253C43D001B77E6 /* GIT.app */,
				ED784CE32253C43E001B77E6 /* GITTests.xctest */,
				ED784CEE2253C43E001B77E6 /* GITUITests.xctest */,
			);
			name = Products;
			sourceTree = "<group>";
		};
		ED784CD12253C43D001B77E6 /* GIT */ = {
			isa = PBXGroup;
			children = (
				ED784CD22253C43D001B77E6 /* AppDelegate.swift */,
				ED784CD42253C43D001B77E6 /* ViewController.swift */,
				ED784CD62253C43D001B77E6 /* Main.storyboard */,
				ED784CD92253C43E001B77E6 /* Assets.xcassets */,
				ED784CDB2253C43E001B77E6 /* LaunchScreen.storyboard */,
				ED784CDE2253C43E001B77E6 /* Info.plist */,
			);
			path = GIT;
			sourceTree = "<group>";
		};
		ED784CE62253C43E001B77E6 /* GITTests */ = {
			isa = PBXGroup;
			children = (
				ED784CE72253C43E001B77E6 /* GITTests.swift */,
				ED784CE92253C43E001B77E6 /* Info.plist */,
			);
			path = GITTests;
			sourceTree = "<group>";
		};
		ED784CF12253C43E001B77E6 /* GITUITests */ = {
			isa = PBXGroup;
			children = (
				ED784CF22253C43E001B77E6 /* GITUITests.swift */,
				ED784CF42253C43E001B77E6 /* Info.plist */,
			);
			path = GITUITests;
			sourceTree = "<group>";
		};
/* End PBXGroup section */

/* Begin PBXNativeTarget section */
		ED784CCE2253C43D001B77E6 /* GIT */ = {
			isa = PBXNativeTarget;
			buildConfigurationList = ED784CF72253C43E001B77E6 /* Build configuration list for PBXNativeTarget "GIT" */;
			buildPhases = (
				ED784CCB2253C43D001B77E6 /* Sources */,
				ED784CCC2253C43D001B77E6 /* Frameworks */,
				ED784CCD2253C43D001B77E6 /* Resources */,
			);
			buildRules = (
			);
			dependencies = (
			);
			name = GIT;
			productName = GIT;
			productReference = ED784CCF2253C43D001B77E6 /* GIT.app */;
			productType = "com.apple.product-type.application";
		};
		ED784CE22253C43E001B77E6 /* GITTests */ = {
			isa = PBXNativeTarget;
			buildConfigurationList = ED784CFA2253C43E001B77E6 /* Build configuration list for PBXNativeTarget "GITTests" */;
			buildPhases = (
				ED784CDF2253C43E001B77E6 /* Sources */,
				ED784CE02253C43E001B77E6 /* Frameworks */,
				ED784CE12253C43E001B77E6 /* Resources */,
			);
			buildRules = (
			);
			dependencies = (
				ED784CE52253C43E001B77E6 /* PBXTargetDependency */,
			);
			name = GITTests;
			productName = GITTests;
			productReference = ED784CE32253C43E001B77E6 /* GITTests.xctest */;
			productType = "com.apple.product-type.bundle.unit-test";
		};
		ED784CED2253C43E001B77E6 /* GITUITests */ = {
			isa = PBXNativeTarget;
			buildConfigurationList = ED784CFD2253C43E001B77E6 /* Build configuration list for PBXNativeTarget "GITUITests" */;
			buildPhases = (
				ED784CEA2253C43E001B77E6 /* Sources */,
				ED784CEB2253C43E001B77E6 /* Frameworks */,
				ED784CEC2253C43E001B77E6 /* Resources */,
			);
			buildRules = (
			);
			dependencies = (
				ED784CF02253C43E001B77E6 /* PBXTargetDependency */,
			);
			name = GITUITests;
			productName = GITUITests;
			productReference = ED784CEE2253C43E001B77E6 /* GITUITests.xctest */;
			productType = "com.apple.product-type.bundle.ui-testing";
		};
/* End PBXNativeTarget section */

/* Begin PBXProject section */
		ED784CC72253C43D001B77E6 /* Project object */ = {
			isa = PBXProject;
			attributes = {
				LastSwiftUpdateCheck = 1000;
				LastUpgradeCheck = 1000;
				ORGANIZATIONNAME = "Christopher Geraldi";
				TargetAttributes = {
					ED784CCE2253C43D001B77E6 = {
						CreatedOnToolsVersion = 10.0;
					};
					ED784CE22253C43E001B77E6 = {
						CreatedOnToolsVersion = 10.0;
						TestTargetID = ED784CCE2253C43D001B77E6;
					};
					ED784CED2253C43E001B77E6 = {
						CreatedOnToolsVersion = 10.0;
						TestTargetID = ED784CCE2253C43D001B77E6;
					};
				};
			};
			buildConfigurationList = ED784CCA2253C43D001B77E6 /* Build configuration list for PBXProject "GIT" */;
			compatibilityVersion = "Xcode 9.3";
			developmentRegion = en;
			hasScannedForEncodings = 0;
			knownRegions = (
				en,
				Base,
			);
			mainGroup = ED784CC62253C43D001B77E6;
			productRefGroup = ED784CD02253C43D001B77E6 /* Products */;
			projectDirPath = "";
			projectRoot = "";
			targets = (
				ED784CCE2253C43D001B77E6 /* GIT */,
				ED784CE22253C43E001B77E6 /* GITTests */,
				ED784CED2253C43E001B77E6 /* GITUITests */,
			);
		};
/* End PBXProject section */

/* Begin PBXResourcesBuildPhase section */
		ED784CCD2253C43D001B77E6 /* Resources */ = {
			isa = PBXResourcesBuildPhase;
			buildActionMask = 2147483647;
			files = (
				ED784CDD2253C43E001B77E6 /* LaunchScreen.storyboard in Resources */,
				ED784CDA2253C43E001B77E6 /* Assets.xcassets in Resources */,
				ED784CD82253C43D001B77E6 /* Main.storyboard in Resources */,
			);
			runOnlyForDeploymentPostprocessing = 0;
		};
		ED784CE12253C43E001B77E6 /* Resources */ = {
			isa = PBXResourcesBuildPhase;
			buildActionMask = 2147483647;
			files = (
			);
			runOnlyForDeploymentPostprocessing = 0;
		};
		ED784CEC2253C43E001B77E6 /* Resources */ = {
			isa = PBXResourcesBuildPhase;
			buildActionMask = 2147483647;
			files = (
			);
			runOnlyForDeploymentPostprocessing = 0;
		};
/* End PBXResourcesBuildPhase section */

/* Begin PBXSourcesBuildPhase section */
		ED784CCB2253C43D001B77E6 /* Sources */ = {
			isa = PBXSourcesBuildPhase;
			buildActionMask = 2147483647;
			files = (
				ED784CD52253C43D001B77E6 /* ViewController.swift in Sources */,
				ED784CD32253C43D001B77E6 /* AppDelegate.swift in Sources */,
			);
			runOnlyForDeploymentPostprocessing = 0;
		};
		ED784CDF2253C43E001B77E6 /* Sources */ = {
			isa = PBXSourcesBuildPhase;
			buildActionMask = 2147483647;
			files = (
				ED784CE82253C43E001B77E6 /* GITTests.swift in Sources */,
			);
			runOnlyForDeploymentPostprocessing = 0;
		};
		ED784CEA2253C43E001B77E6 /* Sources */ = {
			isa = PBXSourcesBuildPhase;
			buildActionMask = 2147483647;
			files = (
				ED784CF32253C43E001B77E6 /* GITUITests.swift in Sources */,
			);
			runOnlyForDeploymentPostprocessing = 0;
		};
/* End PBXSourcesBuildPhase section */

/* Begin PBXTargetDependency section */
		ED784CE52253C43E001B77E6 /* PBXTargetDependency */ = {
			isa = PBXTargetDependency;
			target = ED784CCE2253C43D001B77E6 /* GIT */;
			targetProxy = ED784CE42253C43E001B77E6 /* PBXContainerItemProxy */;
		};
		ED784CF02253C43E001B77E6 /* PBXTargetDependency */ = {
			isa = PBXTargetDependency;
			target = ED784CCE2253C43D001B77E6 /* GIT */;
			targetProxy = ED784CEF2253C43E001B77E6 /* PBXContainerItemProxy */;
		};
/* End PBXTargetDependency section */

/* Begin PBXVariantGroup section */
		ED784CD62253C43D001B77E6 /* Main.storyboard */ = {
			isa = PBXVariantGroup;
			children = (
				ED784CD72253C43D001B77E6 /* Base */,
			);
			name = Main.storyboard;
			sourceTree = "<group>";
		};
		ED784CDB2253C43E001B77E6 /* LaunchScreen.storyboard */ = {
			isa = PBXVariantGroup;
			children = (
				ED784CDC2253C43E001B77E6 /* Base */,
			);
			name = LaunchScreen.storyboard;
			sourceTree = "<group>";
		};
/* End PBXVariantGroup section */

/* Begin XCBuildConfiguration section */
		ED784CF52253C43E001B77E6 /* Debug */ = {
			isa = XCBuildConfiguration;
			buildSettings = {
				ALWAYS_SEARCH_USER_PATHS = NO;
				CLANG_ANALYZER_NONNULL = YES;
				CLANG_ANALYZER_NUMBER_OBJECT_CONVERSION = YES_AGGRESSIVE;
				CLANG_CXX_LANGUAGE_STANDARD = "gnu++14";
				CLANG_CXX_LIBRARY = "libc++";
				CLANG_ENABLE_MODULES = YES;
				CLANG_ENABLE_OBJC_ARC = YES;
				CLANG_ENABLE_OBJC_WEAK = YES;
				CLANG_WARN_BLOCK_CAPTURE_AUTORELEASING = YES;
				CLANG_WARN_BOOL_CONVERSION = YES;
				CLANG_WARN_COMMA = YES;
				CLANG_WARN_CONSTANT_CONVERSION = YES;
				CLANG_WARN_DEPRECATED_OBJC_IMPLEMENTATIONS = YES;
				CLANG_WARN_DIRECT_OBJC_ISA_USAGE = YES_ERROR;
				CLANG_WARN_DOCUMENTATION_COMMENTS = YES;
				CLANG_WARN_EMPTY_BODY = YES;
				CLANG_WARN_ENUM_CONVERSION = YES;
				CLANG_WARN_INFINITE_RECURSION = YES;
				CLANG_WARN_INT_CONVERSION = YES;
				CLANG_WARN_NON_LITERAL_NULL_CONVERSION = YES;
				CLANG_WARN_OBJC_IMPLICIT_RETAIN_SELF = YES;
				CLANG_WARN_OBJC_LITERAL_CONVERSION = YES;
				CLANG_WARN_OBJC_ROOT_CLASS = YES_ERROR;
				CLANG_WARN_RANGE_LOOP_ANALYSIS = YES;
				CLANG_WARN_STRICT_PROTOTYPES = YES;
				CLANG_WARN_SUSPICIOUS_MOVE = YES;
				CLANG_WARN_UNGUARDED_AVAILABILITY = YES_AGGRESSIVE;
				CLANG_WARN_UNREACHABLE_CODE = YES;
				CLANG_WARN__DUPLICATE_METHOD_MATCH = YES;
				CODE_SIGN_IDENTITY = "iPhone Developer";
				COPY_PHASE_STRIP = NO;
				DEBUG_INFORMATION_FORMAT = dwarf;
				ENABLE_STRICT_OBJC_MSGSEND = YES;
				ENABLE_TESTABILITY = YES;
				GCC_C_LANGUAGE_STANDARD = gnu11;
				GCC_DYNAMIC_NO_PIC = NO;
				GCC_NO_COMMON_BLOCKS = YES;
				GCC_OPTIMIZATION_LEVEL = 0;
				GCC_PREPROCESSOR_DEFINITIONS = (
					"DEBUG=1",
					"$(inherited)",
				);
				GCC_WARN_64_TO_32_BIT_CONVERSION = YES;
				GCC_WARN_ABOUT_RETURN_TYPE = YES_ERROR;
				GCC_WARN_UNDECLARED_SELECTOR = YES;
				GCC_WARN_UNINITIALIZED_AUTOS = YES_AGGRESSIVE;
				GCC_WARN_UNUSED_FUNCTION = YES;
				GCC_WARN_UNUSED_VARIABLE = YES;
				IPHONEOS_DEPLOYMENT_TARGET = 12.0;
				MTL_ENABLE_DEBUG_INFO = INCLUDE_SOURCE;
				MTL_FAST_MATH = YES;
				ONLY_ACTIVE_ARCH = YES;
				SDKROOT = iphoneos;
				SWIFT_ACTIVE_COMPILATION_CONDITIONS = DEBUG;
				SWIFT_OPTIMIZATION_LEVEL = "-Onone";
			};
			name = Debug;
		};
		ED784CF62253C43E001B77E6 /* Release */ = {
			isa = XCBuildConfiguration;
			buildSettings = {
				ALWAYS_SEARCH_USER_PATHS = NO;
				CLANG_ANALYZER_NONNULL = YES;
				CLANG_ANALYZER_NUMBER_OBJECT_CONVERSION = YES_AGGRESSIVE;
				CLANG_CXX_LANGUAGE_STANDARD = "gnu++14";
				CLANG_CXX_LIBRARY = "libc++";
				CLANG_ENABLE_MODULES = YES;
				CLANG_ENABLE_OBJC_ARC = YES;
				CLANG_ENABLE_OBJC_WEAK = YES;
				CLANG_WARN_BLOCK_CAPTURE_AUTORELEASING = YES;
				CLANG_WARN_BOOL_CONVERSION = YES;
				CLANG_WARN_COMMA = YES;
				CLANG_WARN_CONSTANT_CONVERSION = YES;
				CLANG_WARN_DEPRECATED_OBJC_IMPLEMENTATIONS = YES;
				CLANG_WARN_DIRECT_OBJC_ISA_USAGE = YES_ERROR;
				CLANG_WARN_DOCUMENTATION_COMMENTS = YES;
				CLANG_WARN_EMPTY_BODY = YES;
				CLANG_WARN_ENUM_CONVERSION = YES;
				CLANG_WARN_INFINITE_RECURSION = YES;
				CLANG_WARN_INT_CONVERSION = YES;
				CLANG_WARN_NON_LITERAL_NULL_CONVERSION = YES;
				CLANG_WARN_OBJC_IMPLICIT_RETAIN_SELF = YES;
				CLANG_WARN_OBJC_LITERAL_CONVERSION = YES;
				CLANG_WARN_OBJC_ROOT_CLASS = YES_ERROR;
				CLANG_WARN_RANGE_LOOP_ANALYSIS = YES;
				CLANG_WARN_STRICT_PROTOTYPES = YES;
				CLANG_WARN_SUSPICIOUS_MOVE = YES;
				CLANG_WARN_UNGUARDED_AVAILABILITY = YES_AGGRESSIVE;
				CLANG_WARN_UNREACHABLE_CODE = YES;
				CLANG_WARN__DUPLICATE_METHOD_MATCH = YES;
				CODE_SIGN_IDENTITY = "iPhone Developer";
				COPY_PHASE_STRIP = NO;
				DEBUG_INFORMATION_FORMAT = "dwarf-with-dsym";
				ENABLE_NS_ASSERTIONS = NO;
				ENABLE_STRICT_OBJC_MSGSEND = YES;
				GCC_C_LANGUAGE_STANDARD = gnu11;
				GCC_NO_COMMON_BLOCKS = YES;
				GCC_WARN_64_TO_32_BIT_CONVERSION = YES;
				GCC_WARN_ABOUT_RETURN_TYPE = YES_ERROR;
				GCC_WARN_UNDECLARED_SELECTOR = YES;
				GCC_WARN_UNINITIALIZED_AUTOS = YES_AGGRESSIVE;
				GCC_WARN_UNUSED_FUNCTION = YES;
				GCC_WARN_UNUSED_VARIABLE = YES;
				IPHONEOS_DEPLOYMENT_TARGET = 12.0;
				MTL_ENABLE_DEBUG_INFO = NO;
				MTL_FAST_MATH = YES;
				SDKROOT = iphoneos;
				SWIFT_COMPILATION_MODE = wholemodule;
				SWIFT_OPTIMIZATION_LEVEL = "-O";
				VALIDATE_PRODUCT = YES;
			};
			name = Release;
		};
		ED784CF82253C43E001B77E6 /* Debug */ = {
			isa = XCBuildConfiguration;
			buildSettings = {
				ASSETCATALOG_COMPILER_APPICON_NAME = AppIcon;
				CODE_SIGN_STYLE = Automatic;
				INFOPLIST_FILE = GIT/Info.plist;
				LD_RUNPATH_SEARCH_PATHS = (
					"$(inherited)",
					"@executable_path/Frameworks",
				);
				PRODUCT_BUNDLE_IDENTIFIER = "-e5.GIT";
				PRODUCT_NAME = "$(TARGET_NAME)";
				SWIFT_VERSION = 4.2;
				TARGETED_DEVICE_FAMILY = "1,2";
			};
			name = Debug;
		};
		ED784CF92253C43E001B77E6 /* Release */ = {
			isa = XCBuildConfiguration;
			buildSettings = {
				ASSETCATALOG_COMPILER_APPICON_NAME = AppIcon;
				CODE_SIGN_STYLE = Automatic;
				INFOPLIST_FILE = GIT/Info.plist;
				LD_RUNPATH_SEARCH_PATHS = (
					"$(inherited)",
					"@executable_path/Frameworks",
				);
				PRODUCT_BUNDLE_IDENTIFIER = "-e5.GIT";
				PRODUCT_NAME = "$(TARGET_NAME)";
				SWIFT_VERSION = 4.2;
				TARGETED_DEVICE_FAMILY = "1,2";
			};
			name = Release;
		};
		ED784CFB2253C43E001B77E6 /* Debug */ = {
			isa = XCBuildConfiguration;
			buildSettings = {
				ALWAYS_EMBED_SWIFT_STANDARD_LIBRARIES = YES;
				BUNDLE_LOADER = "$(TEST_HOST)";
				CODE_SIGN_STYLE = Automatic;
				INFOPLIST_FILE = GITTests/Info.plist;
				LD_RUNPATH_SEARCH_PATHS = (
					"$(inherited)",
					"@executable_path/Frameworks",
					"@loader_path/Frameworks",
				);
				PRODUCT_BUNDLE_IDENTIFIER = "-e5.GITTests";
				PRODUCT_NAME = "$(TARGET_NAME)";
				SWIFT_VERSION = 4.2;
				TARGETED_DEVICE_FAMILY = "1,2";
				TEST_HOST = "$(BUILT_PRODUCTS_DIR)/GIT.app/GIT";
			};
			name = Debug;
		};
		ED784CFC2253C43E001B77E6 /* Release */ = {
			isa = XCBuildConfiguration;
			buildSettings = {
				ALWAYS_EMBED_SWIFT_STANDARD_LIBRARIES = YES;
				BUNDLE_LOADER = "$(TEST_HOST)";
				CODE_SIGN_STYLE = Automatic;
				INFOPLIST_FILE = GITTests/Info.plist;
				LD_RUNPATH_SEARCH_PATHS = (
					"$(inherited)",
					"@executable_path/Frameworks",
					"@loader_path/Frameworks",
				);
				PRODUCT_BUNDLE_IDENTIFIER = "-e5.GITTests";
				PRODUCT_NAME = "$(TARGET_NAME)";
				SWIFT_VERSION = 4.2;
				TARGETED_DEVICE_FAMILY = "1,2";
				TEST_HOST = "$(BUILT_PRODUCTS_DIR)/GIT.app/GIT";
			};
			name = Release;
		};
		ED784CFE2253C43E001B77E6 /* Debug */ = {
			isa = XCBuildConfiguration;
			buildSettings = {
				ALWAYS_EMBED_SWIFT_STANDARD_LIBRARIES = YES;
				CODE_SIGN_STYLE = Automatic;
				INFOPLIST_FILE = GITUITests/Info.plist;
				LD_RUNPATH_SEARCH_PATHS = (
					"$(inherited)",
					"@executable_path/Frameworks",
					"@loader_path/Frameworks",
				);
				PRODUCT_BUNDLE_IDENTIFIER = "-e5.GITUITests";
				PRODUCT_NAME = "$(TARGET_NAME)";
				SWIFT_VERSION = 4.2;
				TARGETED_DEVICE_FAMILY = "1,2";
				TEST_TARGET_NAME = GIT;
			};
			name = Debug;
		};
		ED784CFF2253C43E001B77E6 /* Release */ = {
			isa = XCBuildConfiguration;
			buildSettings = {
				ALWAYS_EMBED_SWIFT_STANDARD_LIBRARIES = YES;
				CODE_SIGN_STYLE = Automatic;
				INFOPLIST_FILE = GITUITests/Info.plist;
				LD_RUNPATH_SEARCH_PATHS = (
					"$(inherited)",
					"@executable_path/Frameworks",
					"@loader_path/Frameworks",
				);
				PRODUCT_BUNDLE_IDENTIFIER = "-e5.GITUITests";
				PRODUCT_NAME = "$(TARGET_NAME)";
				SWIFT_VERSION = 4.2;
				TARGETED_DEVICE_FAMILY = "1,2";
				TEST_TARGET_NAME = GIT;
			};
			name = Release;
		};
/* End XCBuildConfiguration section */

/* Begin XCConfigurationList section */
		ED784CCA2253C43D001B77E6 /* Build configuration list for PBXProject "GIT" */ = {
			isa = XCConfigurationList;
			buildConfigurations = (
				ED784CF52253C43E001B77E6 /* Debug */,
				ED784CF62253C43E001B77E6 /* Release */,
			);
			defaultConfigurationIsVisible = 0;
			defaultConfigurationName = Release;
		};
		ED784CF72253C43E001B77E6 /* Build configuration list for PBXNativeTarget "GIT" */ = {
			isa = XCConfigurationList;
			buildConfigurations = (
				ED784CF82253C43E001B77E6 /* Debug */,
				ED784CF92253C43E001B77E6 /* Release */,
			);
			defaultConfigurationIsVisible = 0;
			defaultConfigurationName = Release;
		};
		ED784CFA2253C43E001B77E6 /* Build configuration list for PBXNativeTarget "GITTests" */ = {
			isa = XCConfigurationList;
			buildConfigurations = (
				ED784CFB2253C43E001B77E6 /* Debug */,
				ED784CFC2253C43E001B77E6 /* Release */,
			);
			defaultConfigurationIsVisible = 0;
			defaultConfigurationName = Release;
		};
		ED784CFD2253C43E001B77E6 /* Build configuration list for PBXNativeTarget "GITUITests" */ = {
			isa = XCConfigurationList;
			buildConfigurations = (
				ED784CFE2253C43E001B77E6 /* Debug */,
				ED784CFF2253C43E001B77E6 /* Release */,
			);
			defaultConfigurationIsVisible = 0;
			defaultConfigurationName = Release;
		};
/* End XCConfigurationList section */
	};
	rootObject = ED784CC72253C43D001B77E6 /* Project object */;
}
